
Microsoft Visual Studio Solution File, Format Version 12.00
# Visual Studio 2013
VisualStudioVersion = 12.0.30723.0
MinimumVisualStudioVersion = 10.0.40219.1
Project("{FAE04EC0-301F-11D3-BF4B-00C04F79EFBC}") = "SquareRemainders", "SquareRemainders\SquareRemainders.csproj", "{146A0366-9570-4FE5-A994-CAE234F148E8}"
EndProject
Project("{FAE04EC0-301F-11D3-BF4B-00C04F79EFBC}") = "UnitTestChallenge", "UnitTestChallenge\UnitTestChallenge.csproj", "{9B7CD645-41FA-40BF-9AC4-3E43C36537DB}"
EndProject
Global
	GlobalSection(SolutionConfigurationPlatforms) = preSolution
		Debug|Any CPU = Debug|Any CPU
		Release|Any CPU = Release|Any CPU
	EndGlobalSection
	GlobalSection(ProjectConfigurationPlatforms) = postSolution
		{146A0366-9570-4FE5-A994-CAE234F148E8}.Debug|Any CPU.ActiveCfg = Debug|Any CPU
		{146A0366-9570-4FE5-A994-CAE234F148E8}.Debug|Any CPU.Build.0 = Debug|Any CPU
		{146A0366-9570-4FE5-A994-CAE234F148E8}.Release|Any CPU.ActiveCfg = Release|Any CPU
		{146A0366-9570-4FE5-A994-CAE234F148E8}.Release|Any CPU.Build.0 = Release|Any CPU
		{9B7CD645-41FA-40BF-9AC4-3E43C36537DB}.Debug|Any CPU.ActiveCfg = Debug|Any CPU
		{9B7CD645-41FA-40BF-9AC4-3E43C36537DB}.Debug|Any CPU.Build.0 = Debug|Any CPU
		{9B7CD645-41FA-40BF-9AC4-3E43C36537DB}.Release|Any CPU.ActiveCfg = Release|Any CPU
		{9B7CD645-41FA-40BF-9AC4-3E43C36537DB}.Release|Any CPU.Build.0 = Release|Any CPU
	EndGlobalSection
	GlobalSection(SolutionProperties) = preSolution
		HideSolutionNode = FALSE
	EndGlobalSection
EndGlobal
