
Microsoft Visual Studio Solution File, Format Version 12.00
# Visual Studio 15
VisualStudioVersion = 15.0.27004.2002
MinimumVisualStudioVersion = 10.0.40219.1
Project("{FAE04EC0-301F-11D3-BF4B-00C04F79EFBC}") = "Tennis", "Tennis\Tennis.csproj", "{BD7B8F31-B59B-4BDC-B59E-EFE9FF11152A}"
EndProject
Project("{FAE04EC0-301F-11D3-BF4B-00C04F79EFBC}") = "Tennis.Test", "Tennis.Test\Tennis.Test.csproj", "{D1849A38-D6E5-436F-BFA1-156CABC97D1F}"
EndProject
Project("{FAE04EC0-301F-11D3-BF4B-00C04F79EFBC}") = "Tennis.Logic", "Tennis.Logic\Tennis.Logic.csproj", "{49D66BDD-62C5-408C-BFD8-1C91DD6DEBD2}"
EndProject
Global
	GlobalSection(SolutionConfigurationPlatforms) = preSolution
		Debug|Any CPU = Debug|Any CPU
		Release|Any CPU = Release|Any CPU
	EndGlobalSection
	GlobalSection(ProjectConfigurationPlatforms) = postSolution
		{BD7B8F31-B59B-4BDC-B59E-EFE9FF11152A}.Debug|Any CPU.ActiveCfg = Debug|Any CPU
		{BD7B8F31-B59B-4BDC-B59E-EFE9FF11152A}.Debug|Any CPU.Build.0 = Debug|Any CPU
		{BD7B8F31-B59B-4BDC-B59E-EFE9FF11152A}.Release|Any CPU.ActiveCfg = Release|Any CPU
		{BD7B8F31-B59B-4BDC-B59E-EFE9FF11152A}.Release|Any CPU.Build.0 = Release|Any CPU
		{D1849A38-D6E5-436F-BFA1-156CABC97D1F}.Debug|Any CPU.ActiveCfg = Debug|Any CPU
		{D1849A38-D6E5-436F-BFA1-156CABC97D1F}.Debug|Any CPU.Build.0 = Debug|Any CPU
		{D1849A38-D6E5-436F-BFA1-156CABC97D1F}.Release|Any CPU.ActiveCfg = Release|Any CPU
		{D1849A38-D6E5-436F-BFA1-156CABC97D1F}.Release|Any CPU.Build.0 = Release|Any CPU
		{49D66BDD-62C5-408C-BFD8-1C91DD6DEBD2}.Debug|Any CPU.ActiveCfg = Debug|Any CPU
		{49D66BDD-62C5-408C-BFD8-1C91DD6DEBD2}.Debug|Any CPU.Build.0 = Debug|Any CPU
		{49D66BDD-62C5-408C-BFD8-1C91DD6DEBD2}.Release|Any CPU.ActiveCfg = Release|Any CPU
		{49D66BDD-62C5-408C-BFD8-1C91DD6DEBD2}.Release|Any CPU.Build.0 = Release|Any CPU
	EndGlobalSection
	GlobalSection(SolutionProperties) = preSolution
		HideSolutionNode = FALSE
	EndGlobalSection
	GlobalSection(ExtensibilityGlobals) = postSolution
		SolutionGuid = {BBFEA812-957C-4126-B3EB-03F33F56A070}
	EndGlobalSection
	GlobalSection(TeamFoundationVersionControl) = preSolution
		SccNumberOfProjects = 4
		SccEnterpriseProvider = {4CA58AB2-18FA-4F8D-95D4-32DDF27D184C}
		SccTeamFoundationServer = https://rwj.visualstudio.com/
		SccLocalPath0 = .
		SccProjectUniqueName1 = Tennis\\Tennis.csproj
		SccProjectName1 = Tennis
		SccLocalPath1 = Tennis
		SccProjectUniqueName2 = Tennis.Test\\Tennis.Test.csproj
		SccProjectName2 = Tennis.Test
		SccLocalPath2 = Tennis.Test
		SccProjectUniqueName3 = Tennis.Logic\\Tennis.Logic.csproj
		SccProjectName3 = Tennis.Logic
		SccLocalPath3 = Tennis.Logic
	EndGlobalSection
EndGlobal
